PODS:
  - Flutter (1.0.0)
  - flutter_plugin_playlist (0.0.1):
    - Flutter

DEPENDENCIES:
  - Flutter (from `Flutter`)
  - flutter_plugin_playlist (from `.symlinks/plugins/flutter_plugin_playlist/ios`)

EXTERNAL SOURCES:
  Flutter:
    :path: Flutter
  flutter_plugin_playlist:
    :path: ".symlinks/plugins/flutter_plugin_playlist/ios"

SPEC CHECKSUMS:
  Flutter: 0e3d915762c693b495b44d77113d4970485de6ec
  flutter_plugin_playlist: 245f862b09e56e2b374810baaa8be4c83cb094cb

PODFILE CHECKSUM: f32fb4e7c14f8b3ca19a369d7be425dd9241af27

COCOAPODS: 1.8.4
